// !$*UTF8*$!
{
	archiveVersion = 1;
	classes = {
	};
	objectVersion = 46;
	objects = {

/* Begin PBXBuildFile section */
		185993E817FB44AC00D5A49F /* TextureTeapotRed.png in Resources */ = {isa = PBXBuildFile; fileRef = 185993E717FB44AC00D5A49F /* TextureTeapotRed.png */; };
		185993EB17FB44D700D5A49F /* Tarmac.dat in Resources */ = {isa = PBXBuildFile; fileRef = 185993E917FB44D700D5A49F /* Tarmac.dat */; };
		185993EC17FB44D700D5A49F /* Tarmac.xml in Resources */ = {isa = PBXBuildFile; fileRef = 185993EA17FB44D700D5A49F /* Tarmac.xml */; };
		185993F017FB45CA00D5A49F /* BGShader.fragsh in Resources */ = {isa = PBXBuildFile; fileRef = 185993EE17FB45CA00D5A49F /* BGShader.fragsh */; };
		185993F117FB45CA00D5A49F /* BGShader.vertsh in Resources */ = {isa = PBXBuildFile; fileRef = 185993EF17FB45CA00D5A49F /* BGShader.vertsh */; };
		187764FF18038287003F4AD2 /* MeatPillerAccessAppDelegate.m in Sources */ = {isa = PBXBuildFile; fileRef = 187764FE18038287003F4AD2 /* MeatPillerAccessAppDelegate.m */; };
		18F7948917F720CB00C6A8DA /* UIKit.framework in Frameworks */ = {isa = PBXBuildFile; fileRef = 18F7948817F720CB00C6A8DA /* UIKit.framework */; };
		18F7948B17F720CB00C6A8DA /* Foundation.framework in Frameworks */ = {isa = PBXBuildFile; fileRef = 18F7948A17F720CB00C6A8DA /* Foundation.framework */; };
		18F7948D17F720CB00C6A8DA /* CoreGraphics.framework in Frameworks */ = {isa = PBXBuildFile; fileRef = 18F7948C17F720CB00C6A8DA /* CoreGraphics.framework */; };
		18F7949317F720CB00C6A8DA /* InfoPlist.strings in Resources */ = {isa = PBXBuildFile; fileRef = 18F7949117F720CB00C6A8DA /* InfoPlist.strings */; };
		18F7949517F720CB00C6A8DA /* main.m in Sources */ = {isa = PBXBuildFile; fileRef = 18F7949417F720CB00C6A8DA /* main.m */; };
		18F7949B17F720CB00C6A8DA /* Default.png in Resources */ = {isa = PBXBuildFile; fileRef = 18F7949A17F720CB00C6A8DA /* Default.png */; };
		18F7949D17F720CB00C6A8DA /* Default@2x.png in Resources */ = {isa = PBXBuildFile; fileRef = 18F7949C17F720CB00C6A8DA /* Default@2x.png */; };
		18F7949F17F720CB00C6A8DA /* Default-568h@2x.png in Resources */ = {isa = PBXBuildFile; fileRef = 18F7949E17F720CB00C6A8DA /* Default-568h@2x.png */; };
		18F794B417F7223B00C6A8DA /* app_icon_iPad.png in Resources */ = {isa = PBXBuildFile; fileRef = 18F794B017F7223B00C6A8DA /* app_icon_iPad.png */; };
		18F794B517F7223B00C6A8DA /* app_icon_iPad@2x.png in Resources */ = {isa = PBXBuildFile; fileRef = 18F794B117F7223B00C6A8DA /* app_icon_iPad@2x.png */; };
		18F794B717F7223B00C6A8DA /* app_icon_iPhone@2x.png in Resources */ = {isa = PBXBuildFile; fileRef = 18F794B317F7223B00C6A8DA /* app_icon_iPhone@2x.png */; };
		18F794BE17F7224400C6A8DA /* Default-Portrait@2x~ipad.png in Resources */ = {isa = PBXBuildFile; fileRef = 18F794BA17F7224400C6A8DA /* Default-Portrait@2x~ipad.png */; };
		18F794BF17F7224400C6A8DA /* Default-Portrait~ipad.png in Resources */ = {isa = PBXBuildFile; fileRef = 18F794BB17F7224400C6A8DA /* Default-Portrait~ipad.png */; };
		18F794C417F7243D00C6A8DA /* app_icon_iPhone.png in Resources */ = {isa = PBXBuildFile; fileRef = 18F794B217F7223B00C6A8DA /* app_icon_iPhone.png */; };
		18F794D617F7297600C6A8DA /* SampleAppMenu.m in Sources */ = {isa = PBXBuildFile; fileRef = 18F794CD17F7297600C6A8DA /* SampleAppMenu.m */; };
		18F794EA17F72A9100C6A8DA /* SampleApplicationSession.mm in Sources */ = {isa = PBXBuildFile; fileRef = 18F794DD17F72A9100C6A8DA /* SampleApplicationSession.mm */; };
		18F794EB17F72A9100C6A8DA /* SampleApplicationShaderUtils.m in Sources */ = {isa = PBXBuildFile; fileRef = 18F794DF17F72A9100C6A8DA /* SampleApplicationShaderUtils.m */; };
		18F794EC17F72A9100C6A8DA /* SampleApplicationUtils.cpp in Sources */ = {isa = PBXBuildFile; fileRef = 18F794E017F72A9100C6A8DA /* SampleApplicationUtils.cpp */; };
		18F794ED17F72A9100C6A8DA /* Line.fragsh in Resources */ = {isa = PBXBuildFile; fileRef = 18F794E317F72A9100C6A8DA /* Line.fragsh */; };
		18F794EE17F72A9100C6A8DA /* Line.vertsh in Resources */ = {isa = PBXBuildFile; fileRef = 18F794E417F72A9100C6A8DA /* Line.vertsh */; };
		18F794EF17F72A9100C6A8DA /* Simple.fragsh in Resources */ = {isa = PBXBuildFile; fileRef = 18F794E517F72A9100C6A8DA /* Simple.fragsh */; };
		18F794F017F72A9100C6A8DA /* Simple.vertsh in Resources */ = {isa = PBXBuildFile; fileRef = 18F794E617F72A9100C6A8DA /* Simple.vertsh */; };
		18F794F117F72A9100C6A8DA /* Texture.mm in Sources */ = {isa = PBXBuildFile; fileRef = 18F794E917F72A9100C6A8DA /* Texture.mm */; };
		18F794F317F72E4500C6A8DA /* CoreVideo.framework in Frameworks */ = {isa = PBXBuildFile; fileRef = 18F794F217F72E4500C6A8DA /* CoreVideo.framework */; };
		18F794F517F72E4D00C6A8DA /* CoreMedia.framework in Frameworks */ = {isa = PBXBuildFile; fileRef = 18F794F417F72E4D00C6A8DA /* CoreMedia.framework */; };
		18F794F717F72E5400C6A8DA /* AVFoundation.framework in Frameworks */ = {isa = PBXBuildFile; fileRef = 18F794F617F72E5400C6A8DA /* AVFoundation.framework */; };
		18F794F917F72E5E00C6A8DA /* SystemConfiguration.framework in Frameworks */ = {isa = PBXBuildFile; fileRef = 18F794F817F72E5E00C6A8DA /* SystemConfiguration.framework */; };
		18F794FB17F72E6900C6A8DA /* OpenGLES.framework in Frameworks */ = {isa = PBXBuildFile; fileRef = 18F794FA17F72E6900C6A8DA /* OpenGLES.framework */; };
		18F794FD17F72E7200C6A8DA /* CoreMotion.framework in Frameworks */ = {isa = PBXBuildFile; fileRef = 18F794FC17F72E7200C6A8DA /* CoreMotion.framework */; };
		18F794FF17F72E8300C6A8DA /* Security.framework in Frameworks */ = {isa = PBXBuildFile; fileRef = 18F794FE17F72E8300C6A8DA /* Security.framework */; };
		18F7950117F72E8D00C6A8DA /* QuartzCore.framework in Frameworks */ = {isa = PBXBuildFile; fileRef = 18F7950017F72E8D00C6A8DA /* QuartzCore.framework */; };
		18F7950317F72F2000C6A8DA /* libQCAR.a in Frameworks */ = {isa = PBXBuildFile; fileRef = 18F7950217F72F2000C6A8DA /* libQCAR.a */; };
		18F7950A17F7305500C6A8DA /* BackgroundTextureAccessEAGLView.mm in Sources */ = {isa = PBXBuildFile; fileRef = 18F7950717F7305500C6A8DA /* BackgroundTextureAccessEAGLView.mm */; };
		18F7950B17F7305500C6A8DA /* RTOTextureAccessViewController.mm in Sources */ = {isa = PBXBuildFile; fileRef = 18F7950917F7305500C6A8DA /* RTOTextureAccessViewController.mm */; };
		376C280C18637FB800C015CA /* iPhone_Storyboard.storyboard in Resources */ = {isa = PBXBuildFile; fileRef = 376C280B18637FB800C015CA /* iPhone_Storyboard.storyboard */; };
		376C281C1864C55300C015CA /* MeatPiller.dat in Resources */ = {isa = PBXBuildFile; fileRef = 376C281A1864C55300C015CA /* MeatPiller.dat */; };
		376C281D1864C55300C015CA /* MeatPiller.xml in Resources */ = {isa = PBXBuildFile; fileRef = 376C281B1864C55300C015CA /* MeatPiller.xml */; };
		D897BC101878D4CD00E12487 /* CongratsViewController.m in Sources */ = {isa = PBXBuildFile; fileRef = D897BC0F1878D4CD00E12487 /* CongratsViewController.m */; };
		D897BC131878D5D200E12487 /* AmaticLabel.m in Sources */ = {isa = PBXBuildFile; fileRef = D897BC121878D5D200E12487 /* AmaticLabel.m */; };
		D897BC141878D78700E12487 /* AmaticSC-Regular.ttf in Resources */ = {isa = PBXBuildFile; fileRef = D897BC0D1878D42B00E12487 /* AmaticSC-Regular.ttf */; };
		D897BC181878D82900E12487 /* GOTHMLCD.ttf in Resources */ = {isa = PBXBuildFile; fileRef = D897BC171878D82900E12487 /* GOTHMLCD.ttf */; };
		D897BC1B1878D85900E12487 /* GothButton.m in Sources */ = {isa = PBXBuildFile; fileRef = D897BC1A1878D85900E12487 /* GothButton.m */; };
		D8C0F44C1878A26B0069669B /* Parse.framework in Frameworks */ = {isa = PBXBuildFile; fileRef = D8C0F44B1878A26B0069669B /* Parse.framework */; };
		D8C0F4501878A29A0069669B /* AudioToolbox.framework in Frameworks */ = {isa = PBXBuildFile; fileRef = D8C0F44D1878A29A0069669B /* AudioToolbox.framework */; };
		D8C0F4511878A29A0069669B /* CFNetwork.framework in Frameworks */ = {isa = PBXBuildFile; fileRef = D8C0F44E1878A29A0069669B /* CFNetwork.framework */; };
		D8C0F4521878A29A0069669B /* CoreLocation.framework in Frameworks */ = {isa = PBXBuildFile; fileRef = D8C0F44F1878A29A0069669B /* CoreLocation.framework */; };
		D8C0F4561878A2CB0069669B /* libz.1.1.3.dylib in Frameworks */ = {isa = PBXBuildFile; fileRef = D8C0F4531878A2CB0069669B /* libz.1.1.3.dylib */; };
		D8C0F4571878A2CB0069669B /* MobileCoreServices.framework in Frameworks */ = {isa = PBXBuildFile; fileRef = D8C0F4541878A2CB0069669B /* MobileCoreServices.framework */; };
		D8C0F4581878A2CB0069669B /* StoreKit.framework in Frameworks */ = {isa = PBXBuildFile; fileRef = D8C0F4551878A2CB0069669B /* StoreKit.framework */; };
		D8C0F45D1878CE880069669B /* Images.xcassets in Resources */ = {isa = PBXBuildFile; fileRef = D8C0F45C1878CE880069669B /* Images.xcassets */; };
		D8F6BCF41878E2B50037243B /* RedeemViewController.m in Sources */ = {isa = PBXBuildFile; fileRef = D8F6BCF31878E2B50037243B /* RedeemViewController.m */; };
		D8F6BCF71878E35C0037243B /* GothLabel.m in Sources */ = {isa = PBXBuildFile; fileRef = D8F6BCF61878E35C0037243B /* GothLabel.m */; };
		D8F6BCFA1878EE880037243B /* GothTextField.m in Sources */ = {isa = PBXBuildFile; fileRef = D8F6BCF91878EE880037243B /* GothTextField.m */; };
		D8F6BD111879335E0037243B /* Common.framework in Frameworks */ = {isa = PBXBuildFile; fileRef = D8F6BD041879335E0037243B /* Common.framework */; };
		D8F6BD121879335E0037243B /* ContextCore.framework in Frameworks */ = {isa = PBXBuildFile; fileRef = D8F6BD071879335E0037243B /* ContextCore.framework */; };
		D8F6BD131879335E0037243B /* ContextLocation.framework in Frameworks */ = {isa = PBXBuildFile; fileRef = D8F6BD0A1879335E0037243B /* ContextLocation.framework */; };
		D8F6BD141879335E0037243B /* DataModels.bundle in Resources */ = {isa = PBXBuildFile; fileRef = D8F6BD0C1879335E0037243B /* DataModels.bundle */; };
		D8F6BD151879335E0037243B /* FYX.framework in Frameworks */ = {isa = PBXBuildFile; fileRef = D8F6BD0D1879335E0037243B /* FYX.framework */; };
		D8F6BD161879335E0037243B /* NetworkServices.framework in Frameworks */ = {isa = PBXBuildFile; fileRef = D8F6BD0F1879335E0037243B /* NetworkServices.framework */; };
		D8F6BD181879350D0037243B /* CoreData.framework in Frameworks */ = {isa = PBXBuildFile; fileRef = D8F6BD171879350D0037243B /* CoreData.framework */; };
		D8F6BD1A187935450037243B /* libz.dylib in Frameworks */ = {isa = PBXBuildFile; fileRef = D8F6BD19187935450037243B /* libz.dylib */; };
		D8F6BD1C187935720037243B /* MapKit.framework in Frameworks */ = {isa = PBXBuildFile; fileRef = D8F6BD1B187935720037243B /* MapKit.framework */; };
		D8F6BD1E187935870037243B /* CoreBluetooth.framework in Frameworks */ = {isa = PBXBuildFile; fileRef = D8F6BD1D187935870037243B /* CoreBluetooth.framework */; };
/* End PBXBuildFile section */

/* Begin PBXFileReference section */
		185993E717FB44AC00D5A49F /* TextureTeapotRed.png */ = {isa = PBXFileReference; lastKnownFileType = image.png; path = TextureTeapotRed.png; sourceTree = "<group>"; };
		185993E917FB44D700D5A49F /* Tarmac.dat */ = {isa = PBXFileReference; lastKnownFileType = file; path = Tarmac.dat; sourceTree = "<group>"; };
		185993EA17FB44D700D5A49F /* Tarmac.xml */ = {isa = PBXFileReference; fileEncoding = 4; lastKnownFileType = text.xml; path = Tarmac.xml; sourceTree = "<group>"; };
		185993EE17FB45CA00D5A49F /* BGShader.fragsh */ = {isa = PBXFileReference; explicitFileType = sourcecode.glsl; fileEncoding = 4; path = BGShader.fragsh; sourceTree = "<group>"; };
		185993EF17FB45CA00D5A49F /* BGShader.vertsh */ = {isa = PBXFileReference; explicitFileType = sourcecode.glsl; fileEncoding = 4; path = BGShader.vertsh; sourceTree = "<group>"; };
		187764FD18038287003F4AD2 /* MeatPillerAccessAppDelegate.h */ = {isa = PBXFileReference; fileEncoding = 4; lastKnownFileType = sourcecode.c.h; path = MeatPillerAccessAppDelegate.h; sourceTree = "<group>"; };
		187764FE18038287003F4AD2 /* MeatPillerAccessAppDelegate.m */ = {isa = PBXFileReference; fileEncoding = 4; lastKnownFileType = sourcecode.c.objc; path = MeatPillerAccessAppDelegate.m; sourceTree = "<group>"; };
		18F7948517F720CB00C6A8DA /* BgdTexture.app */ = {isa = PBXFileReference; explicitFileType = wrapper.application; includeInIndex = 0; path = BgdTexture.app; sourceTree = BUILT_PRODUCTS_DIR; };
		18F7948817F720CB00C6A8DA /* UIKit.framework */ = {isa = PBXFileReference; lastKnownFileType = wrapper.framework; name = UIKit.framework; path = System/Library/Frameworks/UIKit.framework; sourceTree = SDKROOT; };
		18F7948A17F720CB00C6A8DA /* Foundation.framework */ = {isa = PBXFileReference; lastKnownFileType = wrapper.framework; name = Foundation.framework; path = System/Library/Frameworks/Foundation.framework; sourceTree = SDKROOT; };
		18F7948C17F720CB00C6A8DA /* CoreGraphics.framework */ = {isa = PBXFileReference; lastKnownFileType = wrapper.framework; name = CoreGraphics.framework; path = System/Library/Frameworks/CoreGraphics.framework; sourceTree = SDKROOT; };
		18F7949017F720CB00C6A8DA /* MeatPiller-Info.plist */ = {isa = PBXFileReference; lastKnownFileType = text.plist.xml; path = "MeatPiller-Info.plist"; sourceTree = "<group>"; };
		18F7949217F720CB00C6A8DA /* en */ = {isa = PBXFileReference; lastKnownFileType = text.plist.strings; name = en; path = en.lproj/InfoPlist.strings; sourceTree = "<group>"; };
		18F7949417F720CB00C6A8DA /* main.m */ = {isa = PBXFileReference; lastKnownFileType = sourcecode.c.objc; path = main.m; sourceTree = "<group>"; };
		18F7949617F720CB00C6A8DA /* MeatPiller-Prefix.pch */ = {isa = PBXFileReference; lastKnownFileType = sourcecode.c.h; path = "MeatPiller-Prefix.pch"; sourceTree = "<group>"; };
		18F7949A17F720CB00C6A8DA /* Default.png */ = {isa = PBXFileReference; lastKnownFileType = image.png; path = Default.png; sourceTree = "<group>"; };
		18F7949C17F720CB00C6A8DA /* Default@2x.png */ = {isa = PBXFileReference; lastKnownFileType = image.png; path = "Default@2x.png"; sourceTree = "<group>"; };
		18F7949E17F720CB00C6A8DA /* Default-568h@2x.png */ = {isa = PBXFileReference; lastKnownFileType = image.png; path = "Default-568h@2x.png"; sourceTree = "<group>"; };
		18F794B017F7223B00C6A8DA /* app_icon_iPad.png */ = {isa = PBXFileReference; lastKnownFileType = image.png; path = app_icon_iPad.png; sourceTree = "<group>"; };
		18F794B117F7223B00C6A8DA /* app_icon_iPad@2x.png */ = {isa = PBXFileReference; lastKnownFileType = image.png; path = "app_icon_iPad@2x.png"; sourceTree = "<group>"; };
		18F794B217F7223B00C6A8DA /* app_icon_iPhone.png */ = {isa = PBXFileReference; lastKnownFileType = image.png; path = app_icon_iPhone.png; sourceTree = "<group>"; };
		18F794B317F7223B00C6A8DA /* app_icon_iPhone@2x.png */ = {isa = PBXFileReference; lastKnownFileType = image.png; path = "app_icon_iPhone@2x.png"; sourceTree = "<group>"; };
		18F794BA17F7224400C6A8DA /* Default-Portrait@2x~ipad.png */ = {isa = PBXFileReference; lastKnownFileType = image.png; path = "Default-Portrait@2x~ipad.png"; sourceTree = "<group>"; };
		18F794BB17F7224400C6A8DA /* Default-Portrait~ipad.png */ = {isa = PBXFileReference; lastKnownFileType = image.png; path = "Default-Portrait~ipad.png"; sourceTree = "<group>"; };
		18F794CC17F7297600C6A8DA /* SampleAppMenu.h */ = {isa = PBXFileReference; fileEncoding = 4; lastKnownFileType = sourcecode.c.h; path = SampleAppMenu.h; sourceTree = "<group>"; };
		18F794CD17F7297600C6A8DA /* SampleAppMenu.m */ = {isa = PBXFileReference; fileEncoding = 4; lastKnownFileType = sourcecode.c.objc; path = SampleAppMenu.m; sourceTree = "<group>"; };
		18F794DB17F72A9100C6A8DA /* Quad.h */ = {isa = PBXFileReference; fileEncoding = 4; lastKnownFileType = sourcecode.c.h; path = Quad.h; sourceTree = "<group>"; };
		18F794DC17F72A9100C6A8DA /* SampleApplicationSession.h */ = {isa = PBXFileReference; fileEncoding = 4; lastKnownFileType = sourcecode.c.h; path = SampleApplicationSession.h; sourceTree = "<group>"; };
		18F794DD17F72A9100C6A8DA /* SampleApplicationSession.mm */ = {isa = PBXFileReference; fileEncoding = 4; lastKnownFileType = sourcecode.cpp.objcpp; path = SampleApplicationSession.mm; sourceTree = "<group>"; };
		18F794DE17F72A9100C6A8DA /* SampleApplicationShaderUtils.h */ = {isa = PBXFileReference; fileEncoding = 4; lastKnownFileType = sourcecode.c.h; path = SampleApplicationShaderUtils.h; sourceTree = "<group>"; };
		18F794DF17F72A9100C6A8DA /* SampleApplicationShaderUtils.m */ = {isa = PBXFileReference; fileEncoding = 4; lastKnownFileType = sourcecode.c.objc; path = SampleApplicationShaderUtils.m; sourceTree = "<group>"; };
		18F794E017F72A9100C6A8DA /* SampleApplicationUtils.cpp */ = {isa = PBXFileReference; fileEncoding = 4; lastKnownFileType = sourcecode.cpp.cpp; path = SampleApplicationUtils.cpp; sourceTree = "<group>"; };
		18F794E117F72A9100C6A8DA /* SampleApplicationUtils.h */ = {isa = PBXFileReference; fileEncoding = 4; lastKnownFileType = sourcecode.c.h; path = SampleApplicationUtils.h; sourceTree = "<group>"; };
		18F794E317F72A9100C6A8DA /* Line.fragsh */ = {isa = PBXFileReference; fileEncoding = 4; lastKnownFileType = text; path = Line.fragsh; sourceTree = "<group>"; };
		18F794E417F72A9100C6A8DA /* Line.vertsh */ = {isa = PBXFileReference; fileEncoding = 4; lastKnownFileType = text; path = Line.vertsh; sourceTree = "<group>"; };
		18F794E517F72A9100C6A8DA /* Simple.fragsh */ = {isa = PBXFileReference; fileEncoding = 4; lastKnownFileType = text; path = Simple.fragsh; sourceTree = "<group>"; };
		18F794E617F72A9100C6A8DA /* Simple.vertsh */ = {isa = PBXFileReference; fileEncoding = 4; lastKnownFileType = text; path = Simple.vertsh; sourceTree = "<group>"; };
		18F794E717F72A9100C6A8DA /* Teapot.h */ = {isa = PBXFileReference; fileEncoding = 4; lastKnownFileType = sourcecode.c.h; path = Teapot.h; sourceTree = "<group>"; };
		18F794E817F72A9100C6A8DA /* Texture.h */ = {isa = PBXFileReference; fileEncoding = 4; lastKnownFileType = sourcecode.c.h; path = Texture.h; sourceTree = "<group>"; };
		18F794E917F72A9100C6A8DA /* Texture.mm */ = {isa = PBXFileReference; fileEncoding = 4; lastKnownFileType = sourcecode.cpp.objcpp; path = Texture.mm; sourceTree = "<group>"; };
		18F794F217F72E4500C6A8DA /* CoreVideo.framework */ = {isa = PBXFileReference; lastKnownFileType = wrapper.framework; name = CoreVideo.framework; path = System/Library/Frameworks/CoreVideo.framework; sourceTree = SDKROOT; };
		18F794F417F72E4D00C6A8DA /* CoreMedia.framework */ = {isa = PBXFileReference; lastKnownFileType = wrapper.framework; name = CoreMedia.framework; path = System/Library/Frameworks/CoreMedia.framework; sourceTree = SDKROOT; };
		18F794F617F72E5400C6A8DA /* AVFoundation.framework */ = {isa = PBXFileReference; lastKnownFileType = wrapper.framework; name = AVFoundation.framework; path = System/Library/Frameworks/AVFoundation.framework; sourceTree = SDKROOT; };
		18F794F817F72E5E00C6A8DA /* SystemConfiguration.framework */ = {isa = PBXFileReference; lastKnownFileType = wrapper.framework; name = SystemConfiguration.framework; path = System/Library/Frameworks/SystemConfiguration.framework; sourceTree = SDKROOT; };
		18F794FA17F72E6900C6A8DA /* OpenGLES.framework */ = {isa = PBXFileReference; lastKnownFileType = wrapper.framework; name = OpenGLES.framework; path = System/Library/Frameworks/OpenGLES.framework; sourceTree = SDKROOT; };
		18F794FC17F72E7200C6A8DA /* CoreMotion.framework */ = {isa = PBXFileReference; lastKnownFileType = wrapper.framework; name = CoreMotion.framework; path = System/Library/Frameworks/CoreMotion.framework; sourceTree = SDKROOT; };
		18F794FE17F72E8300C6A8DA /* Security.framework */ = {isa = PBXFileReference; lastKnownFileType = wrapper.framework; name = Security.framework; path = System/Library/Frameworks/Security.framework; sourceTree = SDKROOT; };
		18F7950017F72E8D00C6A8DA /* QuartzCore.framework */ = {isa = PBXFileReference; lastKnownFileType = wrapper.framework; name = QuartzCore.framework; path = System/Library/Frameworks/QuartzCore.framework; sourceTree = SDKROOT; };
		18F7950217F72F2000C6A8DA /* libQCAR.a */ = {isa = PBXFileReference; lastKnownFileType = archive.ar; name = libQCAR.a; path = ../../build/lib/arm/libQCAR.a; sourceTree = "<group>"; };
		18F7950617F7305500C6A8DA /* BackgroundTextureAccessEAGLView.h */ = {isa = PBXFileReference; fileEncoding = 4; lastKnownFileType = sourcecode.c.h; path = BackgroundTextureAccessEAGLView.h; sourceTree = "<group>"; };
		18F7950717F7305500C6A8DA /* BackgroundTextureAccessEAGLView.mm */ = {isa = PBXFileReference; fileEncoding = 4; lastKnownFileType = sourcecode.cpp.objcpp; path = BackgroundTextureAccessEAGLView.mm; sourceTree = "<group>"; };
		18F7950817F7305500C6A8DA /* RTOTextureAccessViewController.h */ = {isa = PBXFileReference; fileEncoding = 4; lastKnownFileType = sourcecode.c.h; name = RTOTextureAccessViewController.h; path = ../apps/BackgroundTextureAccess/RTOTextureAccessViewController.h; sourceTree = "<group>"; };
		18F7950917F7305500C6A8DA /* RTOTextureAccessViewController.mm */ = {isa = PBXFileReference; fileEncoding = 4; lastKnownFileType = sourcecode.cpp.objcpp; name = RTOTextureAccessViewController.mm; path = ../apps/BackgroundTextureAccess/RTOTextureAccessViewController.mm; sourceTree = "<group>"; };
		376C280B18637FB800C015CA /* iPhone_Storyboard.storyboard */ = {isa = PBXFileReference; fileEncoding = 4; lastKnownFileType = file.storyboard; path = iPhone_Storyboard.storyboard; sourceTree = "<group>"; };
		376C281A1864C55300C015CA /* MeatPiller.dat */ = {isa = PBXFileReference; lastKnownFileType = file; path = MeatPiller.dat; sourceTree = "<group>"; };
		376C281B1864C55300C015CA /* MeatPiller.xml */ = {isa = PBXFileReference; fileEncoding = 4; lastKnownFileType = text.xml; path = MeatPiller.xml; sourceTree = "<group>"; };
		D897BC0D1878D42B00E12487 /* AmaticSC-Regular.ttf */ = {isa = PBXFileReference; lastKnownFileType = file; path = "AmaticSC-Regular.ttf"; sourceTree = "<group>"; };
		D897BC0E1878D4CD00E12487 /* CongratsViewController.h */ = {isa = PBXFileReference; fileEncoding = 4; lastKnownFileType = sourcecode.c.h; name = CongratsViewController.h; path = ../../../CongratsViewController.h; sourceTree = "<group>"; };
		D897BC0F1878D4CD00E12487 /* CongratsViewController.m */ = {isa = PBXFileReference; fileEncoding = 4; lastKnownFileType = sourcecode.c.objc; name = CongratsViewController.m; path = ../../../CongratsViewController.m; sourceTree = "<group>"; };
		D897BC111878D5D200E12487 /* AmaticLabel.h */ = {isa = PBXFileReference; fileEncoding = 4; lastKnownFileType = sourcecode.c.h; name = AmaticLabel.h; path = ../../../AmaticLabel.h; sourceTree = "<group>"; };
		D897BC121878D5D200E12487 /* AmaticLabel.m */ = {isa = PBXFileReference; fileEncoding = 4; lastKnownFileType = sourcecode.c.objc; name = AmaticLabel.m; path = ../../../AmaticLabel.m; sourceTree = "<group>"; };
		D897BC171878D82900E12487 /* GOTHMLCD.ttf */ = {isa = PBXFileReference; lastKnownFileType = file; path = GOTHMLCD.ttf; sourceTree = "<group>"; };
		D897BC191878D85900E12487 /* GothButton.h */ = {isa = PBXFileReference; fileEncoding = 4; lastKnownFileType = sourcecode.c.h; name = GothButton.h; path = ../../../GothButton.h; sourceTree = "<group>"; };
		D897BC1A1878D85900E12487 /* GothButton.m */ = {isa = PBXFileReference; fileEncoding = 4; lastKnownFileType = sourcecode.c.objc; name = GothButton.m; path = ../../../GothButton.m; sourceTree = "<group>"; };
		D8C0F44B1878A26B0069669B /* Parse.framework */ = {isa = PBXFileReference; lastKnownFileType = wrapper.framework; path = Parse.framework; sourceTree = "<group>"; };
		D8C0F44D1878A29A0069669B /* AudioToolbox.framework */ = {isa = PBXFileReference; lastKnownFileType = wrapper.framework; name = AudioToolbox.framework; path = System/Library/Frameworks/AudioToolbox.framework; sourceTree = SDKROOT; };
		D8C0F44E1878A29A0069669B /* CFNetwork.framework */ = {isa = PBXFileReference; lastKnownFileType = wrapper.framework; name = CFNetwork.framework; path = System/Library/Frameworks/CFNetwork.framework; sourceTree = SDKROOT; };
		D8C0F44F1878A29A0069669B /* CoreLocation.framework */ = {isa = PBXFileReference; lastKnownFileType = wrapper.framework; name = CoreLocation.framework; path = System/Library/Frameworks/CoreLocation.framework; sourceTree = SDKROOT; };
		D8C0F4531878A2CB0069669B /* libz.1.1.3.dylib */ = {isa = PBXFileReference; lastKnownFileType = "compiled.mach-o.dylib"; name = libz.1.1.3.dylib; path = usr/lib/libz.1.1.3.dylib; sourceTree = SDKROOT; };
		D8C0F4541878A2CB0069669B /* MobileCoreServices.framework */ = {isa = PBXFileReference; lastKnownFileType = wrapper.framework; name = MobileCoreServices.framework; path = System/Library/Frameworks/MobileCoreServices.framework; sourceTree = SDKROOT; };
		D8C0F4551878A2CB0069669B /* StoreKit.framework */ = {isa = PBXFileReference; lastKnownFileType = wrapper.framework; name = StoreKit.framework; path = System/Library/Frameworks/StoreKit.framework; sourceTree = SDKROOT; };
		D8C0F45C1878CE880069669B /* Images.xcassets */ = {isa = PBXFileReference; lastKnownFileType = folder.assetcatalog; name = Images.xcassets; path = BackgroundTextureAccess/Images.xcassets; sourceTree = SOURCE_ROOT; };
		D8F6BCF21878E2B50037243B /* RedeemViewController.h */ = {isa = PBXFileReference; fileEncoding = 4; lastKnownFileType = sourcecode.c.h; name = RedeemViewController.h; path = ../../../RedeemViewController.h; sourceTree = "<group>"; };
		D8F6BCF31878E2B50037243B /* RedeemViewController.m */ = {isa = PBXFileReference; fileEncoding = 4; lastKnownFileType = sourcecode.c.objc; name = RedeemViewController.m; path = ../../../RedeemViewController.m; sourceTree = "<group>"; };
		D8F6BCF51878E35C0037243B /* GothLabel.h */ = {isa = PBXFileReference; fileEncoding = 4; lastKnownFileType = sourcecode.c.h; path = GothLabel.h; sourceTree = "<group>"; };
		D8F6BCF61878E35C0037243B /* GothLabel.m */ = {isa = PBXFileReference; fileEncoding = 4; lastKnownFileType = sourcecode.c.objc; path = GothLabel.m; sourceTree = "<group>"; };
		D8F6BCF81878EE880037243B /* GothTextField.h */ = {isa = PBXFileReference; fileEncoding = 4; lastKnownFileType = sourcecode.c.h; name = GothTextField.h; path = ../../../GothTextField.h; sourceTree = "<group>"; };
		D8F6BCF91878EE880037243B /* GothTextField.m */ = {isa = PBXFileReference; fileEncoding = 4; lastKnownFileType = sourcecode.c.objc; name = GothTextField.m; path = ../../../GothTextField.m; sourceTree = "<group>"; };
		D8F6BD041879335E0037243B /* Common.framework */ = {isa = PBXFileReference; lastKnownFileType = wrapper.framework; path = Common.framework; sourceTree = "<group>"; };
		D8F6BD071879335E0037243B /* ContextCore.framework */ = {isa = PBXFileReference; lastKnownFileType = wrapper.framework; path = ContextCore.framework; sourceTree = "<group>"; };
		D8F6BD0A1879335E0037243B /* ContextLocation.framework */ = {isa = PBXFileReference; lastKnownFileType = wrapper.framework; path = ContextLocation.framework; sourceTree = "<group>"; };
		D8F6BD0C1879335E0037243B /* DataModels.bundle */ = {isa = PBXFileReference; lastKnownFileType = "wrapper.plug-in"; path = DataModels.bundle; sourceTree = "<group>"; };
		D8F6BD0D1879335E0037243B /* FYX.framework */ = {isa = PBXFileReference; lastKnownFileType = wrapper.framework; path = FYX.framework; sourceTree = "<group>"; };
		D8F6BD0F1879335E0037243B /* NetworkServices.framework */ = {isa = PBXFileReference; lastKnownFileType = wrapper.framework; path = NetworkServices.framework; sourceTree = "<group>"; };
		D8F6BD171879350D0037243B /* CoreData.framework */ = {isa = PBXFileReference; lastKnownFileType = wrapper.framework; name = CoreData.framework; path = System/Library/Frameworks/CoreData.framework; sourceTree = SDKROOT; };
		D8F6BD19187935450037243B /* libz.dylib */ = {isa = PBXFileReference; lastKnownFileType = "compiled.mach-o.dylib"; name = libz.dylib; path = usr/lib/libz.dylib; sourceTree = SDKROOT; };
		D8F6BD1B187935720037243B /* MapKit.framework */ = {isa = PBXFileReference; lastKnownFileType = wrapper.framework; name = MapKit.framework; path = System/Library/Frameworks/MapKit.framework; sourceTree = SDKROOT; };
		D8F6BD1D187935870037243B /* CoreBluetooth.framework */ = {isa = PBXFileReference; lastKnownFileType = wrapper.framework; name = CoreBluetooth.framework; path = System/Library/Frameworks/CoreBluetooth.framework; sourceTree = SDKROOT; };
/* End PBXFileReference section */

/* Begin PBXFrameworksBuildPhase section */
		18F7948217F720CB00C6A8DA /* Frameworks */ = {
			isa = PBXFrameworksBuildPhase;
			buildActionMask = 2147483647;
			files = (
				D8F6BD1E187935870037243B /* CoreBluetooth.framework in Frameworks */,
				D8F6BD1C187935720037243B /* MapKit.framework in Frameworks */,
				D8F6BD1A187935450037243B /* libz.dylib in Frameworks */,
				D8F6BD181879350D0037243B /* CoreData.framework in Frameworks */,
				D8C0F4561878A2CB0069669B /* libz.1.1.3.dylib in Frameworks */,
				D8C0F4571878A2CB0069669B /* MobileCoreServices.framework in Frameworks */,
				D8C0F4581878A2CB0069669B /* StoreKit.framework in Frameworks */,
				18F794F917F72E5E00C6A8DA /* SystemConfiguration.framework in Frameworks */,
				D8C0F4501878A29A0069669B /* AudioToolbox.framework in Frameworks */,
				D8C0F4511878A29A0069669B /* CFNetwork.framework in Frameworks */,
				D8C0F4521878A29A0069669B /* CoreLocation.framework in Frameworks */,
				18F7948D17F720CB00C6A8DA /* CoreGraphics.framework in Frameworks */,
				18F7950117F72E8D00C6A8DA /* QuartzCore.framework in Frameworks */,
				18F794FF17F72E8300C6A8DA /* Security.framework in Frameworks */,
				D8F6BD151879335E0037243B /* FYX.framework in Frameworks */,
				D8F6BD121879335E0037243B /* ContextCore.framework in Frameworks */,
				D8F6BD131879335E0037243B /* ContextLocation.framework in Frameworks */,
				18F794FD17F72E7200C6A8DA /* CoreMotion.framework in Frameworks */,
				18F794FB17F72E6900C6A8DA /* OpenGLES.framework in Frameworks */,
				18F794F717F72E5400C6A8DA /* AVFoundation.framework in Frameworks */,
				D8C0F44C1878A26B0069669B /* Parse.framework in Frameworks */,
				18F794F517F72E4D00C6A8DA /* CoreMedia.framework in Frameworks */,
				18F794F317F72E4500C6A8DA /* CoreVideo.framework in Frameworks */,
				D8F6BD161879335E0037243B /* NetworkServices.framework in Frameworks */,
				18F7948917F720CB00C6A8DA /* UIKit.framework in Frameworks */,
				D8F6BD111879335E0037243B /* Common.framework in Frameworks */,
				18F7948B17F720CB00C6A8DA /* Foundation.framework in Frameworks */,
				18F7950317F72F2000C6A8DA /* libQCAR.a in Frameworks */,
			);
			runOnlyForDeploymentPostprocessing = 0;
		};
/* End PBXFrameworksBuildPhase section */

/* Begin PBXGroup section */
		185993ED17FB45CA00D5A49F /* shaders */ = {
			isa = PBXGroup;
			children = (
				185993EE17FB45CA00D5A49F /* BGShader.fragsh */,
				185993EF17FB45CA00D5A49F /* BGShader.vertsh */,
			);
			path = shaders;
			sourceTree = "<group>";
		};
		18F7947C17F720CB00C6A8DA = {
			isa = PBXGroup;
			children = (
				18F7948E17F720CB00C6A8DA /* MeatPiller */,
				18F7948717F720CB00C6A8DA /* Frameworks */,
				18F7948617F720CB00C6A8DA /* Products */,
			);
			sourceTree = "<group>";
		};
		18F7948617F720CB00C6A8DA /* Products */ = {
			isa = PBXGroup;
			children = (
				18F7948517F720CB00C6A8DA /* BgdTexture.app */,
			);
			name = Products;
			sourceTree = "<group>";
		};
		18F7948717F720CB00C6A8DA /* Frameworks */ = {
			isa = PBXGroup;
			children = (
				D8F6BD1D187935870037243B /* CoreBluetooth.framework */,
				D8F6BD1B187935720037243B /* MapKit.framework */,
				D8F6BD19187935450037243B /* libz.dylib */,
				D8F6BD171879350D0037243B /* CoreData.framework */,
				D8F6BD031879335E0037243B /* Common.embeddedframework */,
				D8F6BD061879335E0037243B /* ContextCore.embeddedframework */,
				D8F6BD091879335E0037243B /* ContextLocation.embeddedframework */,
				D8F6BD0D1879335E0037243B /* FYX.framework */,
				D8F6BD0E1879335E0037243B /* NetworkServices.embeddedframework */,
				D8C0F4531878A2CB0069669B /* libz.1.1.3.dylib */,
				D8C0F4541878A2CB0069669B /* MobileCoreServices.framework */,
				D8C0F4551878A2CB0069669B /* StoreKit.framework */,
				D8C0F44D1878A29A0069669B /* AudioToolbox.framework */,
				D8C0F44E1878A29A0069669B /* CFNetwork.framework */,
				D8C0F44F1878A29A0069669B /* CoreLocation.framework */,
				D8C0F44B1878A26B0069669B /* Parse.framework */,
				18F7950217F72F2000C6A8DA /* libQCAR.a */,
				18F7948817F720CB00C6A8DA /* UIKit.framework */,
				18F7948A17F720CB00C6A8DA /* Foundation.framework */,
				18F7948C17F720CB00C6A8DA /* CoreGraphics.framework */,
				18F7950017F72E8D00C6A8DA /* QuartzCore.framework */,
				18F794FE17F72E8300C6A8DA /* Security.framework */,
				18F794FC17F72E7200C6A8DA /* CoreMotion.framework */,
				18F794FA17F72E6900C6A8DA /* OpenGLES.framework */,
				18F794F817F72E5E00C6A8DA /* SystemConfiguration.framework */,
				18F794F617F72E5400C6A8DA /* AVFoundation.framework */,
				18F794F417F72E4D00C6A8DA /* CoreMedia.framework */,
				18F794F217F72E4500C6A8DA /* CoreVideo.framework */,
			);
			name = Frameworks;
			sourceTree = "<group>";
		};
		18F7948E17F720CB00C6A8DA /* MeatPiller */ = {
			isa = PBXGroup;
			children = (
				187764FD18038287003F4AD2 /* MeatPillerAccessAppDelegate.h */,
				187764FE18038287003F4AD2 /* MeatPillerAccessAppDelegate.m */,
				376C280B18637FB800C015CA /* iPhone_Storyboard.storyboard */,
				D8C0F45C1878CE880069669B /* Images.xcassets */,
				D897BC0D1878D42B00E12487 /* AmaticSC-Regular.ttf */,
				D897BC171878D82900E12487 /* GOTHMLCD.ttf */,
				18F7950C17F7314E00C6A8DA /* Resources */,
				18F794C517F7289F00C6A8DA /* Classes */,
				18F7948F17F720CB00C6A8DA /* Supporting Files */,
			);
			name = MeatPiller;
			path = BackgroundTextureAccess;
			sourceTree = "<group>";
		};
		18F7948F17F720CB00C6A8DA /* Supporting Files */ = {
			isa = PBXGroup;
			children = (
				18F7949017F720CB00C6A8DA /* MeatPiller-Info.plist */,
				18F7949117F720CB00C6A8DA /* InfoPlist.strings */,
				18F7949417F720CB00C6A8DA /* main.m */,
				18F7949617F720CB00C6A8DA /* MeatPiller-Prefix.pch */,
				18F7949A17F720CB00C6A8DA /* Default.png */,
				18F7949C17F720CB00C6A8DA /* Default@2x.png */,
				18F7949E17F720CB00C6A8DA /* Default-568h@2x.png */,
				18F794BA17F7224400C6A8DA /* Default-Portrait@2x~ipad.png */,
				18F794BB17F7224400C6A8DA /* Default-Portrait~ipad.png */,
				18F794B017F7223B00C6A8DA /* app_icon_iPad.png */,
				18F794B117F7223B00C6A8DA /* app_icon_iPad@2x.png */,
				18F794B217F7223B00C6A8DA /* app_icon_iPhone.png */,
				18F794B317F7223B00C6A8DA /* app_icon_iPhone@2x.png */,
			);
			name = "Supporting Files";
			sourceTree = "<group>";
		};
		18F794C517F7289F00C6A8DA /* Classes */ = {
			isa = PBXGroup;
			children = (
				18F7950417F7303C00C6A8DA /* apps */,
				18F794DA17F72A9100C6A8DA /* MeatPillerApplication */,
				18F794C617F7297600C6A8DA /* UI */,
			);
			path = Classes;
			sourceTree = "<group>";
		};
		18F794C617F7297600C6A8DA /* UI */ = {
			isa = PBXGroup;
			children = (
				18F794CC17F7297600C6A8DA /* SampleAppMenu.h */,
				18F794CD17F7297600C6A8DA /* SampleAppMenu.m */,
				18F7950817F7305500C6A8DA /* RTOTextureAccessViewController.h */,
				18F7950917F7305500C6A8DA /* RTOTextureAccessViewController.mm */,
				D897BC0E1878D4CD00E12487 /* CongratsViewController.h */,
				D897BC0F1878D4CD00E12487 /* CongratsViewController.m */,
				D8F6BCF21878E2B50037243B /* RedeemViewController.h */,
				D8F6BCF31878E2B50037243B /* RedeemViewController.m */,
				D897BC111878D5D200E12487 /* AmaticLabel.h */,
				D897BC121878D5D200E12487 /* AmaticLabel.m */,
				D897BC191878D85900E12487 /* GothButton.h */,
				D897BC1A1878D85900E12487 /* GothButton.m */,
				D8F6BCF51878E35C0037243B /* GothLabel.h */,
				D8F6BCF61878E35C0037243B /* GothLabel.m */,
				D8F6BCF81878EE880037243B /* GothTextField.h */,
				D8F6BCF91878EE880037243B /* GothTextField.m */,
			);
			name = UI;
			path = SampleAppUI;
			sourceTree = "<group>";
		};
		18F794DA17F72A9100C6A8DA /* MeatPillerApplication */ = {
			isa = PBXGroup;
			children = (
				18F794DB17F72A9100C6A8DA /* Quad.h */,
				18F794DC17F72A9100C6A8DA /* SampleApplicationSession.h */,
				18F794DD17F72A9100C6A8DA /* SampleApplicationSession.mm */,
				18F794DE17F72A9100C6A8DA /* SampleApplicationShaderUtils.h */,
				18F794DF17F72A9100C6A8DA /* SampleApplicationShaderUtils.m */,
				18F794E017F72A9100C6A8DA /* SampleApplicationUtils.cpp */,
				18F794E117F72A9100C6A8DA /* SampleApplicationUtils.h */,
				18F794E217F72A9100C6A8DA /* shaders */,
				18F794E717F72A9100C6A8DA /* Teapot.h */,
				18F794E817F72A9100C6A8DA /* Texture.h */,
				18F794E917F72A9100C6A8DA /* Texture.mm */,
			);
			name = MeatPillerApplication;
			path = SampleApplication;
			sourceTree = "<group>";
		};
		18F794E217F72A9100C6A8DA /* shaders */ = {
			isa = PBXGroup;
			children = (
				18F794E317F72A9100C6A8DA /* Line.fragsh */,
				18F794E417F72A9100C6A8DA /* Line.vertsh */,
				18F794E517F72A9100C6A8DA /* Simple.fragsh */,
				18F794E617F72A9100C6A8DA /* Simple.vertsh */,
			);
			path = shaders;
			sourceTree = "<group>";
		};
		18F7950417F7303C00C6A8DA /* apps */ = {
			isa = PBXGroup;
			children = (
				18F7950517F7303C00C6A8DA /* MeatPillerAccess */,
			);
			path = apps;
			sourceTree = "<group>";
		};
		18F7950517F7303C00C6A8DA /* MeatPillerAccess */ = {
			isa = PBXGroup;
			children = (
				185993ED17FB45CA00D5A49F /* shaders */,
				18F7950617F7305500C6A8DA /* BackgroundTextureAccessEAGLView.h */,
				18F7950717F7305500C6A8DA /* BackgroundTextureAccessEAGLView.mm */,
			);
			name = MeatPillerAccess;
			path = BackgroundTextureAccess;
			sourceTree = "<group>";
		};
		18F7950C17F7314E00C6A8DA /* Resources */ = {
			isa = PBXGroup;
			children = (
				18F7950D17F731D200C6A8DA /* Assets */,
			);
			path = Resources;
			sourceTree = "<group>";
		};
		18F7950D17F731D200C6A8DA /* Assets */ = {
			isa = PBXGroup;
			children = (
				18F7950E17F731D200C6A8DA /* MeatPillerAccess */,
			);
			path = Assets;
			sourceTree = "<group>";
		};
		18F7950E17F731D200C6A8DA /* MeatPillerAccess */ = {
			isa = PBXGroup;
			children = (
				376C281A1864C55300C015CA /* MeatPiller.dat */,
				376C281B1864C55300C015CA /* MeatPiller.xml */,
				185993E917FB44D700D5A49F /* Tarmac.dat */,
				185993EA17FB44D700D5A49F /* Tarmac.xml */,
				185993E717FB44AC00D5A49F /* TextureTeapotRed.png */,
			);
			name = MeatPillerAccess;
			path = BackgroundTextureAccess;
			sourceTree = "<group>";
		};
		D8F6BD031879335E0037243B /* Common.embeddedframework */ = {
			isa = PBXGroup;
			children = (
				D8F6BD041879335E0037243B /* Common.framework */,
				D8F6BD051879335E0037243B /* Resources */,
			);
			path = Common.embeddedframework;
			sourceTree = "<group>";
		};
		D8F6BD051879335E0037243B /* Resources */ = {
			isa = PBXGroup;
			children = (
			);
			path = Resources;
			sourceTree = "<group>";
		};
		D8F6BD061879335E0037243B /* ContextCore.embeddedframework */ = {
			isa = PBXGroup;
			children = (
				D8F6BD071879335E0037243B /* ContextCore.framework */,
				D8F6BD081879335E0037243B /* Resources */,
			);
			path = ContextCore.embeddedframework;
			sourceTree = "<group>";
		};
		D8F6BD081879335E0037243B /* Resources */ = {
			isa = PBXGroup;
			children = (
			);
			path = Resources;
			sourceTree = "<group>";
		};
		D8F6BD091879335E0037243B /* ContextLocation.embeddedframework */ = {
			isa = PBXGroup;
			children = (
				D8F6BD0A1879335E0037243B /* ContextLocation.framework */,
				D8F6BD0B1879335E0037243B /* Resources */,
			);
			path = ContextLocation.embeddedframework;
			sourceTree = "<group>";
		};
		D8F6BD0B1879335E0037243B /* Resources */ = {
			isa = PBXGroup;
			children = (
				D8F6BD0C1879335E0037243B /* DataModels.bundle */,
			);
			path = Resources;
			sourceTree = "<group>";
		};
		D8F6BD0E1879335E0037243B /* NetworkServices.embeddedframework */ = {
			isa = PBXGroup;
			children = (
				D8F6BD0F1879335E0037243B /* NetworkServices.framework */,
				D8F6BD101879335E0037243B /* Resources */,
			);
			path = NetworkServices.embeddedframework;
			sourceTree = "<group>";
		};
		D8F6BD101879335E0037243B /* Resources */ = {
			isa = PBXGroup;
			children = (
			);
			path = Resources;
			sourceTree = "<group>";
		};
/* End PBXGroup section */

/* Begin PBXNativeTarget section */
		18F7948417F720CB00C6A8DA /* MeatPiller */ = {
			isa = PBXNativeTarget;
			buildConfigurationList = 18F794AB17F720CB00C6A8DA /* Build configuration list for PBXNativeTarget "MeatPiller" */;
			buildPhases = (
				18F7948117F720CB00C6A8DA /* Sources */,
				18F7948217F720CB00C6A8DA /* Frameworks */,
				18F7948317F720CB00C6A8DA /* Resources */,
			);
			buildRules = (
			);
			dependencies = (
			);
			name = MeatPiller;
			productName = BackgroundTextureAccess;
			productReference = 18F7948517F720CB00C6A8DA /* BgdTexture.app */;
			productType = "com.apple.product-type.application";
		};
/* End PBXNativeTarget section */

/* Begin PBXProject section */
		18F7947D17F720CB00C6A8DA /* Project object */ = {
			isa = PBXProject;
			attributes = {
				CLASSPREFIX = SampleApp;
				LastUpgradeCheck = 0460;
				ORGANIZATIONNAME = Qualcomm;
				TargetAttributes = {
					18F7948417F720CB00C6A8DA = {
						SystemCapabilities = {
							com.apple.BackgroundModes = {
								enabled = 1;
							};
						};
					};
				};
			};
			buildConfigurationList = 18F7948017F720CB00C6A8DA /* Build configuration list for PBXProject "MeatPiller" */;
			compatibilityVersion = "Xcode 3.2";
			developmentRegion = English;
			hasScannedForEncodings = 0;
			knownRegions = (
				en,
			);
			mainGroup = 18F7947C17F720CB00C6A8DA;
			productRefGroup = 18F7948617F720CB00C6A8DA /* Products */;
			projectDirPath = "";
			projectRoot = "";
			targets = (
				18F7948417F720CB00C6A8DA /* MeatPiller */,
			);
		};
/* End PBXProject section */

/* Begin PBXResourcesBuildPhase section */
		18F7948317F720CB00C6A8DA /* Resources */ = {
			isa = PBXResourcesBuildPhase;
			buildActionMask = 2147483647;
			files = (
				D897BC141878D78700E12487 /* AmaticSC-Regular.ttf in Resources */,
				376C281C1864C55300C015CA /* MeatPiller.dat in Resources */,
				D8C0F45D1878CE880069669B /* Images.xcassets in Resources */,
				376C280C18637FB800C015CA /* iPhone_Storyboard.storyboard in Resources */,
				18F7949317F720CB00C6A8DA /* InfoPlist.strings in Resources */,
				18F7949B17F720CB00C6A8DA /* Default.png in Resources */,
				18F7949D17F720CB00C6A8DA /* Default@2x.png in Resources */,
				18F7949F17F720CB00C6A8DA /* Default-568h@2x.png in Resources */,
				18F794B417F7223B00C6A8DA /* app_icon_iPad.png in Resources */,
				18F794B517F7223B00C6A8DA /* app_icon_iPad@2x.png in Resources */,
				18F794B717F7223B00C6A8DA /* app_icon_iPhone@2x.png in Resources */,
				18F794BE17F7224400C6A8DA /* Default-Portrait@2x~ipad.png in Resources */,
				18F794BF17F7224400C6A8DA /* Default-Portrait~ipad.png in Resources */,
				18F794C417F7243D00C6A8DA /* app_icon_iPhone.png in Resources */,
				18F794ED17F72A9100C6A8DA /* Line.fragsh in Resources */,
				D897BC181878D82900E12487 /* GOTHMLCD.ttf in Resources */,
				18F794EE17F72A9100C6A8DA /* Line.vertsh in Resources */,
				D8F6BD141879335E0037243B /* DataModels.bundle in Resources */,
				18F794EF17F72A9100C6A8DA /* Simple.fragsh in Resources */,
				18F794F017F72A9100C6A8DA /* Simple.vertsh in Resources */,
				185993E817FB44AC00D5A49F /* TextureTeapotRed.png in Resources */,
				185993EB17FB44D700D5A49F /* Tarmac.dat in Resources */,
				185993EC17FB44D700D5A49F /* Tarmac.xml in Resources */,
				185993F017FB45CA00D5A49F /* BGShader.fragsh in Resources */,
				376C281D1864C55300C015CA /* MeatPiller.xml in Resources */,
				185993F117FB45CA00D5A49F /* BGShader.vertsh in Resources */,
			);
			runOnlyForDeploymentPostprocessing = 0;
		};
/* End PBXResourcesBuildPhase section */

/* Begin PBXSourcesBuildPhase section */
		18F7948117F720CB00C6A8DA /* Sources */ = {
			isa = PBXSourcesBuildPhase;
			buildActionMask = 2147483647;
			files = (
				18F7949517F720CB00C6A8DA /* main.m in Sources */,
				18F794D617F7297600C6A8DA /* SampleAppMenu.m in Sources */,
				D897BC101878D4CD00E12487 /* CongratsViewController.m in Sources */,
				18F794EA17F72A9100C6A8DA /* SampleApplicationSession.mm in Sources */,
				18F794EB17F72A9100C6A8DA /* SampleApplicationShaderUtils.m in Sources */,
				187764FF18038287003F4AD2 /* MeatPillerAccessAppDelegate.m in Sources */,
				D897BC131878D5D200E12487 /* AmaticLabel.m in Sources */,
				D897BC1B1878D85900E12487 /* GothButton.m in Sources */,
				18F794EC17F72A9100C6A8DA /* SampleApplicationUtils.cpp in Sources */,
				18F794F117F72A9100C6A8DA /* Texture.mm in Sources */,
				D8F6BCF71878E35C0037243B /* GothLabel.m in Sources */,
				18F7950A17F7305500C6A8DA /* BackgroundTextureAccessEAGLView.mm in Sources */,
				18F7950B17F7305500C6A8DA /* RTOTextureAccessViewController.mm in Sources */,
				D8F6BCFA1878EE880037243B /* GothTextField.m in Sources */,
				D8F6BCF41878E2B50037243B /* RedeemViewController.m in Sources */,
			);
			runOnlyForDeploymentPostprocessing = 0;
		};
/* End PBXSourcesBuildPhase section */

/* Begin PBXVariantGroup section */
		18F7949117F720CB00C6A8DA /* InfoPlist.strings */ = {
			isa = PBXVariantGroup;
			children = (
				18F7949217F720CB00C6A8DA /* en */,
			);
			name = InfoPlist.strings;
			sourceTree = "<group>";
		};
/* End PBXVariantGroup section */

/* Begin XCBuildConfiguration section */
		18F794A917F720CB00C6A8DA /* Debug */ = {
			isa = XCBuildConfiguration;
			buildSettings = {
				ALWAYS_SEARCH_USER_PATHS = NO;
				CLANG_CXX_LANGUAGE_STANDARD = "gnu++0x";
				CLANG_CXX_LIBRARY = "libc++";
				CLANG_WARN_CONSTANT_CONVERSION = YES;
				CLANG_WARN_EMPTY_BODY = YES;
				CLANG_WARN_ENUM_CONVERSION = YES;
				CLANG_WARN_INT_CONVERSION = YES;
				CLANG_WARN__DUPLICATE_METHOD_MATCH = YES;
				"CODE_SIGN_IDENTITY[sdk=iphoneos*]" = "iPhone Developer";
				COPY_PHASE_STRIP = NO;
				GCC_C_LANGUAGE_STANDARD = gnu99;
				GCC_DYNAMIC_NO_PIC = NO;
				GCC_OPTIMIZATION_LEVEL = 0;
				GCC_PREPROCESSOR_DEFINITIONS = (
					"DEBUG=1",
					"$(inherited)",
				);
				GCC_SYMBOLS_PRIVATE_EXTERN = NO;
				GCC_WARN_ABOUT_RETURN_TYPE = YES;
				GCC_WARN_UNINITIALIZED_AUTOS = YES;
				GCC_WARN_UNUSED_VARIABLE = YES;
				IPHONEOS_DEPLOYMENT_TARGET = 6.1;
				ONLY_ACTIVE_ARCH = YES;
				SDKROOT = iphoneos;
				TARGETED_DEVICE_FAMILY = "1,2";
			};
			name = Debug;
		};
		18F794AA17F720CB00C6A8DA /* Release */ = {
			isa = XCBuildConfiguration;
			buildSettings = {
				ALWAYS_SEARCH_USER_PATHS = NO;
				CLANG_CXX_LANGUAGE_STANDARD = "gnu++0x";
				CLANG_CXX_LIBRARY = "libc++";
				CLANG_WARN_CONSTANT_CONVERSION = YES;
				CLANG_WARN_EMPTY_BODY = YES;
				CLANG_WARN_ENUM_CONVERSION = YES;
				CLANG_WARN_INT_CONVERSION = YES;
				CLANG_WARN__DUPLICATE_METHOD_MATCH = YES;
				"CODE_SIGN_IDENTITY[sdk=iphoneos*]" = "iPhone Developer";
				COPY_PHASE_STRIP = YES;
				GCC_C_LANGUAGE_STANDARD = gnu99;
				GCC_WARN_ABOUT_RETURN_TYPE = YES;
				GCC_WARN_UNINITIALIZED_AUTOS = YES;
				GCC_WARN_UNUSED_VARIABLE = YES;
				IPHONEOS_DEPLOYMENT_TARGET = 6.1;
				OTHER_CFLAGS = "-DNS_BLOCK_ASSERTIONS=1";
				SDKROOT = iphoneos;
				TARGETED_DEVICE_FAMILY = "1,2";
				VALIDATE_PRODUCT = YES;
			};
			name = Release;
		};
		18F794AC17F720CB00C6A8DA /* Debug */ = {
			isa = XCBuildConfiguration;
			buildSettings = {
				CLANG_CXX_LANGUAGE_STANDARD = "compiler-default";
				CLANG_CXX_LIBRARY = "compiler-default";
				CLANG_ENABLE_OBJC_ARC = YES;
				CURRENT_PROJECT_VERSION = 8;
				FRAMEWORK_SEARCH_PATHS = (
					"$(SRCROOT)",
					"$(inherited)",
					"$(SRCROOT)/Common.embeddedframework",
					"$(SRCROOT)/ContextCore.embeddedframework",
					"$(SRCROOT)/ContextLocation.embeddedframework",
					"$(SRCROOT)/NetworkServices.embeddedframework",
				);
				GCC_PRECOMPILE_PREFIX_HEADER = YES;
				GCC_PREFIX_HEADER = "BackgroundTextureAccess/MeatPiller-Prefix.pch";
				HEADER_SEARCH_PATHS = (
					../../build/include,
					../../../../OpenAR/QCAR/include,
				);
				INFOPLIST_FILE = "BackgroundTextureAccess/MeatPiller-Info.plist";
				IPHONEOS_DEPLOYMENT_TARGET = 7.0;
				LIBRARY_SEARCH_PATHS = (
					"\"$(SRCROOT)/../../build/lib/arm\"",
					"../../../build/$(CONFIGURATION)-iphoneos",
				);
				PRODUCT_NAME = BgdTexture;
				TARGETED_DEVICE_FAMILY = 1;
				VERSIONING_SYSTEM = "apple-generic";
				WRAPPER_EXTENSION = app;
			};
			name = Debug;
		};
		18F794AD17F720CB00C6A8DA /* Release */ = {
			isa = XCBuildConfiguration;
			buildSettings = {
				CLANG_CXX_LANGUAGE_STANDARD = "compiler-default";
				CLANG_CXX_LIBRARY = "compiler-default";
				CLANG_ENABLE_OBJC_ARC = YES;
				CURRENT_PROJECT_VERSION = 8;
				FRAMEWORK_SEARCH_PATHS = (
					"$(SRCROOT)",
					"$(inherited)",
					"$(SRCROOT)/Common.embeddedframework",
					"$(SRCROOT)/ContextCore.embeddedframework",
					"$(SRCROOT)/ContextLocation.embeddedframework",
					"$(SRCROOT)/NetworkServices.embeddedframework",
				);
				GCC_PRECOMPILE_PREFIX_HEADER = YES;
				GCC_PREFIX_HEADER = "BackgroundTextureAccess/MeatPiller-Prefix.pch";
				HEADER_SEARCH_PATHS = (
					../../build/include,
					../../../../OpenAR/QCAR/include,
				);
				INFOPLIST_FILE = "BackgroundTextureAccess/MeatPiller-Info.plist";
				IPHONEOS_DEPLOYMENT_TARGET = 7.0;
				LIBRARY_SEARCH_PATHS = (
					"\"$(SRCROOT)/../../build/lib/arm\"",
					"../../../build/$(CONFIGURATION)-iphoneos",
				);
				PRODUCT_NAME = BgdTexture;
				TARGETED_DEVICE_FAMILY = 1;
				VERSIONING_SYSTEM = "apple-generic";
				WRAPPER_EXTENSION = app;
			};
			name = Release;
		};
/* End XCBuildConfiguration section */

/* Begin XCConfigurationList section */
		18F7948017F720CB00C6A8DA /* Build configuration list for PBXProject "MeatPiller" */ = {
			isa = XCConfigurationList;
			buildConfigurations = (
				18F794A917F720CB00C6A8DA /* Debug */,
				18F794AA17F720CB00C6A8DA /* Release */,
			);
			defaultConfigurationIsVisible = 0;
			defaultConfigurationName = Release;
		};
		18F794AB17F720CB00C6A8DA /* Build configuration list for PBXNativeTarget "MeatPiller" */ = {
			isa = XCConfigurationList;
			buildConfigurations = (
				18F794AC17F720CB00C6A8DA /* Debug */,
				18F794AD17F720CB00C6A8DA /* Release */,
			);
			defaultConfigurationIsVisible = 0;
			defaultConfigurationName = Release;
		};
/* End XCConfigurationList section */
	};
	rootObject = 18F7947D17F720CB00C6A8DA /* Project object */;
}
